
Microsoft Visual Studio Solution File, Format Version 12.00
# Visual Studio Version 16
VisualStudioVersion = 16.0.31321.278
MinimumVisualStudioVersion = 10.0.40219.1
Project("{FAE04EC0-301F-11D3-BF4B-00C04F79EFBC}") = "SYNOPEX-ICT", "SYNOPEX-ICT\SYNOPEX-ICT.csproj", "{95F1DA1F-1D20-4508-AF2E-5FD4B215D6BB}"
EndProject
Global
	GlobalSection(SolutionConfigurationPlatforms) = preSolution
		Debug|Any CPU = Debug|Any CPU
		Release|Any CPU = Release|Any CPU
	EndGlobalSection
	GlobalSection(ProjectConfigurationPlatforms) = postSolution
		{95F1DA1F-1D20-4508-AF2E-5FD4B215D6BB}.Debug|Any CPU.ActiveCfg = Debug|Any CPU
		{95F1DA1F-1D20-4508-AF2E-5FD4B215D6BB}.Debug|Any CPU.Build.0 = Debug|Any CPU
		{95F1DA1F-1D20-4508-AF2E-5FD4B215D6BB}.Release|Any CPU.ActiveCfg = Release|Any CPU
		{95F1DA1F-1D20-4508-AF2E-5FD4B215D6BB}.Release|Any CPU.Build.0 = Release|Any CPU
	EndGlobalSection
	GlobalSection(SolutionProperties) = preSolution
		HideSolutionNode = FALSE
	EndGlobalSection
	GlobalSection(ExtensibilityGlobals) = postSolution
		SolutionGuid = {7959A4B5-416C-4191-8E53-13BEBD5F194C}
	EndGlobalSection
EndGlobal
